github.com/enetx/http v1.0.10 h1:vNePPd+zq4j9We3RNpO5Qvm/G8RhAH6nzbogXW/AGfs=
github.com/enetx/http v1.0.10/go.mod h1:BYq8O0KV7ykRcf5fWgh0dq3Hq9tgb9Jm1QeRW+rMZOk=
golang.org/x/net v0.26.0 h1:soB7SVo0PWrY4vPW/+ay0jKDNScG2X9wFeYlXIvJsOQ=
golang.org/x/net v0.26.0/go.mod h1:5YKkiSynbBIh3p6iOc/vibscux0x38BZDkn8sCUPxHE=
golang.org/x/text v0.16.0 h1:a94ExnEXNtEwYLGJSIUxnWoxoRz/ZcCsV63ROupILh4=
golang.org/x/text v0.16.0/go.mod h1:GhwF1Be+LQoKShO3cGOHzqOgRrGaYc9AvblQOmPVHnI=
